
Microsoft Visual Studio Solution File, Format Version 12.00
# Visual Studio Version 16
VisualStudioVersion = 16.0.29806.167
MinimumVisualStudioVersion = 10.0.40219.1
Project("{9A19103F-16F7-4668-BE54-9A1E7A4F7556}") = "Utilities.net", "Utilities.net\Utilities.net.csproj", "{9B8EC52E-142B-453F-A851-72295A79DF55}"
EndProject
Project("{9A19103F-16F7-4668-BE54-9A1E7A4F7556}") = "Utilities.UnitTests.net", "Utilities.UnitTests.net\Utilities.UnitTests.net.csproj", "{7DEB60F0-99C9-4918-B748-00BDCA20AD16}"
EndProject
Project("{2150E333-8FDC-42A3-9474-1A3956D46DE8}") = "Solution Items", "Solution Items", "{D703446B-7B56-4EF7-899D-B179B2DE4231}"
	ProjectSection(SolutionItems) = preProject
		Settings.StyleCop = Settings.StyleCop
		Utilities.net.nuspec = Utilities.net.nuspec
	EndProjectSection
EndProject
Global
	GlobalSection(SolutionConfigurationPlatforms) = preSolution
		Debug|Any CPU = Debug|Any CPU
		Release|Any CPU = Release|Any CPU
	EndGlobalSection
	GlobalSection(ProjectConfigurationPlatforms) = postSolution
		{9B8EC52E-142B-453F-A851-72295A79DF55}.Debug|Any CPU.ActiveCfg = Debug|Any CPU
		{9B8EC52E-142B-453F-A851-72295A79DF55}.Debug|Any CPU.Build.0 = Debug|Any CPU
		{9B8EC52E-142B-453F-A851-72295A79DF55}.Release|Any CPU.ActiveCfg = Release|Any CPU
		{9B8EC52E-142B-453F-A851-72295A79DF55}.Release|Any CPU.Build.0 = Release|Any CPU
		{7DEB60F0-99C9-4918-B748-00BDCA20AD16}.Debug|Any CPU.ActiveCfg = Debug|Any CPU
		{7DEB60F0-99C9-4918-B748-00BDCA20AD16}.Debug|Any CPU.Build.0 = Debug|Any CPU
		{7DEB60F0-99C9-4918-B748-00BDCA20AD16}.Release|Any CPU.ActiveCfg = Release|Any CPU
		{7DEB60F0-99C9-4918-B748-00BDCA20AD16}.Release|Any CPU.Build.0 = Release|Any CPU
	EndGlobalSection
	GlobalSection(SolutionProperties) = preSolution
		HideSolutionNode = FALSE
	EndGlobalSection
	GlobalSection(ExtensibilityGlobals) = postSolution
		SolutionGuid = {8A1C5D3B-D775-4F6A-A188-C5FBAF583B87}
	EndGlobalSection
EndGlobal
